# This file is automatically @generated by Cargo.
# It is not intended for manual editing.
version = 4

[[package]]
name = "satex-backtest"
version = "0.0.0"

[[package]]
name = "satex-broker"
version = "0.0.0"

[[package]]
name = "satex-broker-alpaca"
version = "0.0.0"

[[package]]
name = "satex-core"
version = "0.0.0"

[[package]]
name = "satex-data"
version = "0.0.0"

[[package]]
name = "satex-engine"
version = "0.0.0"

[[package]]
name = "satex-exec"
version = "0.0.0"

[[package]]
name = "satex-health"
version = "0.0.0"

[[package]]
name = "satex-intel"
version = "0.0.0"

[[package]]
name = "satex-ipc"
version = "0.0.0"

[[package]]
name = "satex-parity"
version = "0.0.0"

[[package]]
name = "satex-persist"
version = "0.0.0"

[[package]]
name = "satex-risk"
version = "0.0.0"

[[package]]
name = "satex-shell"
version = "0.0.0"
